
Microsoft Visual Studio Solution File, Format Version 12.00
# Visual Studio Version 17
VisualStudioVersion = 17.9.34607.119
MinimumVisualStudioVersion = 10.0.40219.1
Project("{FAE04EC0-301F-11D3-BF4B-00C04F79EFBC}") = "C#NumberGuessGame", "C#NumberGuessGame\C#NumberGuessGame.csproj", "{845EAB61-840C-4D30-87F4-5D950E2E9E0E}"
EndProject
Global
	GlobalSection(SolutionConfigurationPlatforms) = preSolution
		Debug|Any CPU = Debug|Any CPU
		Release|Any CPU = Release|Any CPU
	EndGlobalSection
	GlobalSection(ProjectConfigurationPlatforms) = postSolution
		{845EAB61-840C-4D30-87F4-5D950E2E9E0E}.Debug|Any CPU.ActiveCfg = Debug|Any CPU
		{845EAB61-840C-4D30-87F4-5D950E2E9E0E}.Debug|Any CPU.Build.0 = Debug|Any CPU
		{845EAB61-840C-4D30-87F4-5D950E2E9E0E}.Release|Any CPU.ActiveCfg = Release|Any CPU
		{845EAB61-840C-4D30-87F4-5D950E2E9E0E}.Release|Any CPU.Build.0 = Release|Any CPU
	EndGlobalSection
	GlobalSection(SolutionProperties) = preSolution
		HideSolutionNode = FALSE
	EndGlobalSection
	GlobalSection(ExtensibilityGlobals) = postSolution
		SolutionGuid = {3101D1AC-3449-497E-8B1D-D58F15C41E28}
	EndGlobalSection
EndGlobal
